{
  "name": "btapbuoi6",
  "lockfileVersion": 2,
  "requires": true,
  "packages": {
    "": {
      "dependencies": {
        "settings.json": "^0.2.0"
      }
    },
    "node_modules/extend": {
      "version": "1.2.1",
      "resolved": "https://registry.npmjs.org/extend/-/extend-1.2.1.tgz",
      "integrity": "sha512-2/JwIYRpMBDSjbQjUUppNSrmc719crhFaWIdT+TRSVA8gE+6HEobQWqJ6VkPt/H8twS7h/0WWs7veh8wmp98Ng=="
    },
    "node_modules/settings.json": {
      "version": "0.2.0",
      "resolved": "https://registry.npmjs.org/settings.json/-/settings.json-0.2.0.tgz",
      "integrity": "sha512-GOOp6xdZBigd/Ym93R63t9/HWa4rZL8IRR32SeSIVHwA5fu3p8lnD4JAUxKDp20hi8luFqCsRa7wNCL8jziaxw==",
      "dependencies": {
        "extend": "~> 1.2.1"
      },
      "engines": {
        "node": "*"
      }
    }
  },
  "dependencies": {
    "extend": {
      "version": "1.2.1",
      "resolved": "https://registry.npmjs.org/extend/-/extend-1.2.1.tgz",
      "integrity": "sha512-2/JwIYRpMBDSjbQjUUppNSrmc719crhFaWIdT+TRSVA8gE+6HEobQWqJ6VkPt/H8twS7h/0WWs7veh8wmp98Ng=="
    },
    "settings.json": {
      "version": "0.2.0",
      "resolved": "https://registry.npmjs.org/settings.json/-/settings.json-0.2.0.tgz",
      "integrity": "sha512-GOOp6xdZBigd/Ym93R63t9/HWa4rZL8IRR32SeSIVHwA5fu3p8lnD4JAUxKDp20hi8luFqCsRa7wNCL8jziaxw==",
      "requires": {
        "extend": "~> 1.2.1"
      }
    }
  }
}
